
Microsoft Visual Studio Solution File, Format Version 12.00
# Visual Studio Version 17
VisualStudioVersion = 17.0.32014.148
MinimumVisualStudioVersion = 10.0.40219.1
Project("{888888A0-9F3D-457C-B088-3A5042F75D52}") = "Project 7", "Project 7\Project 7.pyproj", "{20471FDB-4E12-4278-BEEB-C1A0B99459C0}"
EndProject
Global
	GlobalSection(SolutionConfigurationPlatforms) = preSolution
		Debug|Any CPU = Debug|Any CPU
		Release|Any CPU = Release|Any CPU
	EndGlobalSection
	GlobalSection(ProjectConfigurationPlatforms) = postSolution
		{20471FDB-4E12-4278-BEEB-C1A0B99459C0}.Debug|Any CPU.ActiveCfg = Debug|Any CPU
		{20471FDB-4E12-4278-BEEB-C1A0B99459C0}.Release|Any CPU.ActiveCfg = Release|Any CPU
	EndGlobalSection
	GlobalSection(SolutionProperties) = preSolution
		HideSolutionNode = FALSE
	EndGlobalSection
	GlobalSection(ExtensibilityGlobals) = postSolution
		SolutionGuid = {25473EAE-DE7C-4B15-8796-6BFA10D7DF62}
	EndGlobalSection
EndGlobal
